
Microsoft Visual Studio Solution File, Format Version 12.00
# Visual Studio 15
VisualStudioVersion = 15.0.33026.149
MinimumVisualStudioVersion = 10.0.40219.1
Project("{FAE04EC0-301F-11D3-BF4B-00C04F79EFBC}") = "Proyecto7bis", "Proyecto7bis\Proyecto7bis.csproj", "{CE871E38-DB7B-4C1A-8423-1FC3B90F6087}"
EndProject
Global
	GlobalSection(SolutionConfigurationPlatforms) = preSolution
		Debug|Any CPU = Debug|Any CPU
		Release|Any CPU = Release|Any CPU
	EndGlobalSection
	GlobalSection(ProjectConfigurationPlatforms) = postSolution
		{CE871E38-DB7B-4C1A-8423-1FC3B90F6087}.Debug|Any CPU.ActiveCfg = Debug|Any CPU
		{CE871E38-DB7B-4C1A-8423-1FC3B90F6087}.Debug|Any CPU.Build.0 = Debug|Any CPU
		{CE871E38-DB7B-4C1A-8423-1FC3B90F6087}.Release|Any CPU.ActiveCfg = Release|Any CPU
		{CE871E38-DB7B-4C1A-8423-1FC3B90F6087}.Release|Any CPU.Build.0 = Release|Any CPU
	EndGlobalSection
	GlobalSection(SolutionProperties) = preSolution
		HideSolutionNode = FALSE
	EndGlobalSection
	GlobalSection(ExtensibilityGlobals) = postSolution
		SolutionGuid = {485E5886-BDE8-4BF3-9BE1-5DC589D6B023}
	EndGlobalSection
EndGlobal
